version = 1
requires-python = ">=3.9"
resolution-markers = [
    "python_full_version >= '3.10'",
    "python_full_version < '3.10'",
]

[[package]]
name = "automata-lib"
version = "9.0.0"
source = { editable = "." }
dependencies = [
    { name = "cached-method" },
    { name = "frozendict" },
    { name = "networkx", version = "3.2.1", source = { registry = "https://pypi.org/simple" }, marker = "python_full_version < '3.10'" },
    { name = "networkx", version = "3.4.2", source = { registry = "https://pypi.org/simple" }, marker = "python_full_version >= '3.10'" },
    { name = "typing-extensions" },
]

[package.optional-dependencies]
visual = [
    { name = "coloraide" },
    { name = "pygraphviz", version = "1.11", source = { registry = "https://pypi.org/simple" }, marker = "python_full_version < '3.10'" },
    { name = "pygraphviz", version = "1.14", source = { registry = "https://pypi.org/simple" }, marker = "python_full_version >= '3.10'" },
]

[package.metadata]
requires-dist = [
    { name = "cached-method", specifier = ">=0.1.0" },
    { name = "coloraide", marker = "extra == 'visual'", specifier = ">=1.8.2" },
    { name = "frozendict", specifier = ">=2.3.4" },
    { name = "networkx", specifier = ">=2.6.2" },
    { name = "pygraphviz", marker = "extra == 'visual'", specifier = ">=1.10" },
    { name = "typing-extensions", specifier = ">=4.5.0" },
]

[[package]]
name = "cached-method"
version = "0.1.0"
source = { registry = "https://pypi.org/simple" }
sdist = { url = "https://files.pythonhosted.org/packages/85/57/f5796619b29cfbbce98b6027f9f92461a9c159a373566106a11b2bab1e07/cached_method-0.1.0.tar.gz", hash = "sha256:0958d0422a90e24c215fb61f9633fd9faf566c8f7d15478493989abef8699d73", size = 4032 }
wheels = [
    { url = "https://files.pythonhosted.org/packages/a3/69/f4be248608758ebad3d5954bf468fc98a822c939afbb04f1eaaecfc6be1c/cached_method-0.1.0-py3-none-any.whl", hash = "sha256:a71720f7cab565131bb5e4189b6ca5902635435e0e017d0fd1261712d8c3dc0c", size = 4172 },
]

[[package]]
name = "coloraide"
version = "4.2.1"
source = { registry = "https://pypi.org/simple" }
sdist = { url = "https://files.pythonhosted.org/packages/7d/77/2211c1c4845c7c2aa7ea17c68be86cfbe0c9bcbecf40d272574a1b2e0732/coloraide-4.2.1.tar.gz", hash = "sha256:277f6bc22000fdab8d6973051fd4df9441687bff4483051633e31e4c445e4492", size = 21643666 }
wheels = [
    { url = "https://files.pythonhosted.org/packages/c0/25/efc08f48ee7baa79f1f9d82ecc732a4ab07e15ba5add61f21fe5a996b8ae/coloraide-4.2.1-py3-none-any.whl", hash = "sha256:0acc1f9abe499243438e40376c09a87ca7643ec6e87381ab7af670ee10ff3cbf", size = 241744 },
]

[[package]]
name = "frozendict"
version = "2.4.6"
source = { registry = "https://pypi.org/simple" }
sdist = { url = "https://files.pythonhosted.org/packages/bb/59/19eb300ba28e7547538bdf603f1c6c34793240a90e1a7b61b65d8517e35e/frozendict-2.4.6.tar.gz", hash = "sha256:df7cd16470fbd26fc4969a208efadc46319334eb97def1ddf48919b351192b8e", size = 316416 }
wheels = [
    { url = "https://files.pythonhosted.org/packages/a6/7f/e80cdbe0db930b2ba9d46ca35a41b0150156da16dfb79edcc05642690c3b/frozendict-2.4.6-cp310-cp310-macosx_10_9_x86_64.whl", hash = "sha256:c3a05c0a50cab96b4bb0ea25aa752efbfceed5ccb24c007612bc63e51299336f", size = 37927 },
    { url = "https://files.pythonhosted.org/packages/29/98/27e145ff7e8e63caa95fb8ee4fc56c68acb208bef01a89c3678a66f9a34d/frozendict-2.4.6-cp310-cp310-macosx_11_0_arm64.whl", hash = "sha256:f5b94d5b07c00986f9e37a38dd83c13f5fe3bf3f1ccc8e88edea8fe15d6cd88c", size = 37945 },
    { url = "https://files.pythonhosted.org/packages/ac/f1/a10be024a9d53441c997b3661ea80ecba6e3130adc53812a4b95b607cdd1/frozendict-2.4.6-cp310-cp310-manylinux_2_17_aarch64.manylinux2014_aarch64.whl", hash = "sha256:f4c789fd70879ccb6289a603cdebdc4953e7e5dea047d30c1b180529b28257b5", size = 117656 },
    { url = "https://files.pythonhosted.org/packages/46/a6/34c760975e6f1cb4db59a990d58dcf22287e10241c851804670c74c6a27a/frozendict-2.4.6-cp310-cp310-manylinux_2_17_x86_64.manylinux2014_x86_64.whl", hash = "sha256:da6a10164c8a50b34b9ab508a9420df38f4edf286b9ca7b7df8a91767baecb34", size = 117444 },
    { url = "https://files.pythonhosted.org/packages/62/dd/64bddd1ffa9617f50e7e63656b2a7ad7f0a46c86b5f4a3d2c714d0006277/frozendict-2.4.6-cp310-cp310-musllinux_1_2_aarch64.whl", hash = "sha256:9a8a43036754a941601635ea9c788ebd7a7efbed2becba01b54a887b41b175b9", size = 116801 },
    { url = "https://files.pythonhosted.org/packages/45/ae/af06a8bde1947277aad895c2f26c3b8b8b6ee9c0c2ad988fb58a9d1dde3f/frozendict-2.4.6-cp310-cp310-musllinux_1_2_x86_64.whl", hash = "sha256:c9905dcf7aa659e6a11b8051114c9fa76dfde3a6e50e6dc129d5aece75b449a2", size = 117329 },
    { url = "https://files.pythonhosted.org/packages/d2/df/be3fa0457ff661301228f4c59c630699568c8ed9b5480f113b3eea7d0cb3/frozendict-2.4.6-cp310-cp310-win_amd64.whl", hash = "sha256:323f1b674a2cc18f86ab81698e22aba8145d7a755e0ac2cccf142ee2db58620d", size = 37522 },
    { url = "https://files.pythonhosted.org/packages/4a/6f/c22e0266b4c85f58b4613fec024e040e93753880527bf92b0c1bc228c27c/frozendict-2.4.6-cp310-cp310-win_arm64.whl", hash = "sha256:eabd21d8e5db0c58b60d26b4bb9839cac13132e88277e1376970172a85ee04b3", size = 34056 },
    { url = "https://files.pythonhosted.org/packages/eb/7e/5d6e86b01742468e5265401529b60d4d24e4b61a751d24473a324da71b55/frozendict-2.4.6-cp39-cp39-macosx_10_9_x86_64.whl", hash = "sha256:a76cee5c4be2a5d1ff063188232fffcce05dde6fd5edd6afe7b75b247526490e", size = 38143 },
    { url = "https://files.pythonhosted.org/packages/93/d0/3d66be6d154e2bbb4d49445c557f722b248c019b70982654e2440f303671/frozendict-2.4.6-cp39-cp39-macosx_11_0_arm64.whl", hash = "sha256:ba5ef7328706db857a2bdb2c2a17b4cd37c32a19c017cff1bb7eeebc86b0f411", size = 37954 },
    { url = "https://files.pythonhosted.org/packages/b8/a2/5a178339345edff643240e48dd276581df64b1dd93eaa7d26556396a145b/frozendict-2.4.6-cp39-cp39-manylinux_2_17_aarch64.manylinux2014_aarch64.whl", hash = "sha256:669237c571856be575eca28a69e92a3d18f8490511eff184937283dc6093bd67", size = 117093 },
    { url = "https://files.pythonhosted.org/packages/41/df/09a752239eb0661eeda0f34f14577c10edc6f3e4deb7652b3a3efff22ad4/frozendict-2.4.6-cp39-cp39-manylinux_2_17_x86_64.manylinux2014_x86_64.whl", hash = "sha256:0aaa11e7c472150efe65adbcd6c17ac0f586896096ab3963775e1c5c58ac0098", size = 116883 },
    { url = "https://files.pythonhosted.org/packages/22/d4/619d1cfbc74be5641d839a5a2e292f9eac494aa557bfe7c266542c4014a2/frozendict-2.4.6-cp39-cp39-musllinux_1_2_aarch64.whl", hash = "sha256:b8f2829048f29fe115da4a60409be2130e69402e29029339663fac39c90e6e2b", size = 116314 },
    { url = "https://files.pythonhosted.org/packages/41/b9/40042606a4ac458046ebeecc34cec2971e78e029ea3b6ad4e35833c7f8e6/frozendict-2.4.6-cp39-cp39-musllinux_1_2_x86_64.whl", hash = "sha256:94321e646cc39bebc66954a31edd1847d3a2a3483cf52ff051cd0996e7db07db", size = 117017 },
    { url = "https://files.pythonhosted.org/packages/e1/6d/e99715f406d8f4297d08b5591365e7d91b39a24cdbaabd3861f95e283c52/frozendict-2.4.6-cp39-cp39-win_amd64.whl", hash = "sha256:74b6b26c15dddfefddeb89813e455b00ebf78d0a3662b89506b4d55c6445a9f4", size = 37815 },
    { url = "https://files.pythonhosted.org/packages/80/75/cad77ff4bb58277a557becf837345de8f6384d3b1d71f932d22a13223b9e/frozendict-2.4.6-cp39-cp39-win_arm64.whl", hash = "sha256:7088102345d1606450bd1801a61139bbaa2cb0d805b9b692f8d81918ea835da6", size = 34368 },
    { url = "https://files.pythonhosted.org/packages/04/13/d9839089b900fa7b479cce495d62110cddc4bd5630a04d8469916c0e79c5/frozendict-2.4.6-py311-none-any.whl", hash = "sha256:d065db6a44db2e2375c23eac816f1a022feb2fa98cbb50df44a9e83700accbea", size = 16148 },
    { url = "https://files.pythonhosted.org/packages/ba/d0/d482c39cee2ab2978a892558cf130681d4574ea208e162da8958b31e9250/frozendict-2.4.6-py312-none-any.whl", hash = "sha256:49344abe90fb75f0f9fdefe6d4ef6d4894e640fadab71f11009d52ad97f370b9", size = 16146 },
    { url = "https://files.pythonhosted.org/packages/a5/8e/b6bf6a0de482d7d7d7a2aaac8fdc4a4d0bb24a809f5ddd422aa7060eb3d2/frozendict-2.4.6-py313-none-any.whl", hash = "sha256:7134a2bb95d4a16556bb5f2b9736dceb6ea848fa5b6f3f6c2d6dba93b44b4757", size = 16146 },
]

[[package]]
name = "networkx"
version = "3.2.1"
source = { registry = "https://pypi.org/simple" }
resolution-markers = [
    "python_full_version < '3.10'",
]
sdist = { url = "https://files.pythonhosted.org/packages/c4/80/a84676339aaae2f1cfdf9f418701dd634aef9cc76f708ef55c36ff39c3ca/networkx-3.2.1.tar.gz", hash = "sha256:9f1bb5cf3409bf324e0a722c20bdb4c20ee39bf1c30ce8ae499c8502b0b5e0c6", size = 2073928 }
wheels = [
    { url = "https://files.pythonhosted.org/packages/d5/f0/8fbc882ca80cf077f1b246c0e3c3465f7f415439bdea6b899f6b19f61f70/networkx-3.2.1-py3-none-any.whl", hash = "sha256:f18c69adc97877c42332c170849c96cefa91881c99a7cb3e95b7c659ebdc1ec2", size = 1647772 },
]

[[package]]
name = "networkx"
version = "3.4.2"
source = { registry = "https://pypi.org/simple" }
resolution-markers = [
    "python_full_version >= '3.10'",
]
sdist = { url = "https://files.pythonhosted.org/packages/fd/1d/06475e1cd5264c0b870ea2cc6fdb3e37177c1e565c43f56ff17a10e3937f/networkx-3.4.2.tar.gz", hash = "sha256:307c3669428c5362aab27c8a1260aa8f47c4e91d3891f48be0141738d8d053e1", size = 2151368 }
wheels = [
    { url = "https://files.pythonhosted.org/packages/b9/54/dd730b32ea14ea797530a4479b2ed46a6fb250f682a9cfb997e968bf0261/networkx-3.4.2-py3-none-any.whl", hash = "sha256:df5d4365b724cf81b8c6a7312509d0c22386097011ad1abe274afd5e9d3bbc5f", size = 1723263 },
]

[[package]]
name = "pygraphviz"
version = "1.11"
source = { registry = "https://pypi.org/simple" }
resolution-markers = [
    "python_full_version < '3.10'",
]
sdist = { url = "https://files.pythonhosted.org/packages/19/db/cc09516573e79a35ac73f437bdcf27893939923d1d06b439897ffc7f3217/pygraphviz-1.11.zip", hash = "sha256:a97eb5ced266f45053ebb1f2c6c6d29091690503e3a5c14be7f908b37b06f2d4", size = 120803 }

[[package]]
name = "pygraphviz"
version = "1.14"
source = { registry = "https://pypi.org/simple" }
resolution-markers = [
    "python_full_version >= '3.10'",
]
sdist = { url = "https://files.pythonhosted.org/packages/66/ca/823d5c74a73d6b8b08e1f5aea12468ef334f0732c65cbb18df2a7f285c87/pygraphviz-1.14.tar.gz", hash = "sha256:c10df02377f4e39b00ae17c862f4ee7e5767317f1c6b2dfd04cea6acc7fc2bea", size = 106003 }

[[package]]
name = "typing-extensions"
version = "4.12.2"
source = { registry = "https://pypi.org/simple" }
sdist = { url = "https://files.pythonhosted.org/packages/df/db/f35a00659bc03fec321ba8bce9420de607a1d37f8342eee1863174c69557/typing_extensions-4.12.2.tar.gz", hash = "sha256:1a7ead55c7e559dd4dee8856e3a88b41225abfe1ce8df57b7c13915fe121ffb8", size = 85321 }
wheels = [
    { url = "https://files.pythonhosted.org/packages/26/9f/ad63fc0248c5379346306f8668cda6e2e2e9c95e01216d2b8ffd9ff037d0/typing_extensions-4.12.2-py3-none-any.whl", hash = "sha256:04e5ca0351e0f3f85c6853954072df659d0d13fac324d0072316b67d7794700d", size = 37438 },
]
